// !$*UTF8*$!
{
	archiveVersion = 1;
	classes = {
	};
	objectVersion = 46;
	objects = {

/* Begin PBXBuildFile section */
		8619D36519C741EF00378416 /* XYZHourLoader.m in Sources */ = {isa = PBXBuildFile; fileRef = 8619D36419C741EF00378416 /* XYZHourLoader.m */; };
		8619D36919C7448C00378416 /* HoursArray in Resources */ = {isa = PBXBuildFile; fileRef = 8619D36819C7448C00378416 /* HoursArray */; };
		863D887819883CC900AE66A7 /* Foundation.framework in Frameworks */ = {isa = PBXBuildFile; fileRef = 863D887719883CC900AE66A7 /* Foundation.framework */; };
		863D887C19883CC900AE66A7 /* UIKit.framework in Frameworks */ = {isa = PBXBuildFile; fileRef = 863D887B19883CC900AE66A7 /* UIKit.framework */; };
		863D888219883CC900AE66A7 /* InfoPlist.strings in Resources */ = {isa = PBXBuildFile; fileRef = 863D888019883CC900AE66A7 /* InfoPlist.strings */; };
		863D888419883CC900AE66A7 /* main.m in Sources */ = {isa = PBXBuildFile; fileRef = 863D888319883CC900AE66A7 /* main.m */; };
		863D888819883CC900AE66A7 /* XYZAppDelegate.m in Sources */ = {isa = PBXBuildFile; fileRef = 863D888719883CC900AE66A7 /* XYZAppDelegate.m */; };
		863D888B19883CC900AE66A7 /* Main_iPhone.storyboard in Resources */ = {isa = PBXBuildFile; fileRef = 863D888919883CC900AE66A7 /* Main_iPhone.storyboard */; };
		863D889619883CC900AE66A7 /* Images.xcassets in Resources */ = {isa = PBXBuildFile; fileRef = 863D889519883CC900AE66A7 /* Images.xcassets */; };
		863D889D19883CC900AE66A7 /* XCTest.framework in Frameworks */ = {isa = PBXBuildFile; fileRef = 863D889C19883CC900AE66A7 /* XCTest.framework */; };
		863D889E19883CC900AE66A7 /* Foundation.framework in Frameworks */ = {isa = PBXBuildFile; fileRef = 863D887719883CC900AE66A7 /* Foundation.framework */; };
		863D889F19883CC900AE66A7 /* UIKit.framework in Frameworks */ = {isa = PBXBuildFile; fileRef = 863D887B19883CC900AE66A7 /* UIKit.framework */; };
		863D88A719883CC900AE66A7 /* InfoPlist.strings in Resources */ = {isa = PBXBuildFile; fileRef = 863D88A519883CC900AE66A7 /* InfoPlist.strings */; };
		863D88A919883CC900AE66A7 /* Cat_Food_AppTests.m in Sources */ = {isa = PBXBuildFile; fileRef = 863D88A819883CC900AE66A7 /* Cat_Food_AppTests.m */; };
		863D88B419883CF000AE66A7 /* XYZDiningHallTableViewController.m in Sources */ = {isa = PBXBuildFile; fileRef = 863D88B319883CF000AE66A7 /* XYZDiningHallTableViewController.m */; };
		863D88BA1988428B00AE66A7 /* XYZDiningHall.m in Sources */ = {isa = PBXBuildFile; fileRef = 863D88B91988428B00AE66A7 /* XYZDiningHall.m */; };
		86856F3C198C827D00DEF277 /* XYZNorrisTableViewController.m in Sources */ = {isa = PBXBuildFile; fileRef = 86856F3B198C827D00DEF277 /* XYZNorrisTableViewController.m */; };
		86B66AE219BB6FEC00977EFC /* Main_iPad.storyboard in Resources */ = {isa = PBXBuildFile; fileRef = 86B66AE119BB6FEC00977EFC /* Main_iPad.storyboard */; };
		86B66AEA19BB7DFC00977EFC /* iOS Simulator Screen shot Sep 6, 2014, 1.18.02 PM.png in Resources */ = {isa = PBXBuildFile; fileRef = 86B66AE819BB7DFC00977EFC /* iOS Simulator Screen shot Sep 6, 2014, 1.18.02 PM.png */; };
		86B66AEB19BB7DFC00977EFC /* iOS Simulator Screen shot Sep 6, 2014, 1.35.55 PM.png in Resources */ = {isa = PBXBuildFile; fileRef = 86B66AE919BB7DFC00977EFC /* iOS Simulator Screen shot Sep 6, 2014, 1.35.55 PM.png */; };
		86C74460198D80CB000C69DA /* XYZCafesTableViewController.m in Sources */ = {isa = PBXBuildFile; fileRef = 86C7445F198D80CB000C69DA /* XYZCafesTableViewController.m */; };
		86DDEFE6198C4A5600445725 /* XYZTimeUtilities.m in Sources */ = {isa = PBXBuildFile; fileRef = 86DDEFE5198C4A5600445725 /* XYZTimeUtilities.m */; };
		86F8E65D1988EF7A0082C16D /* XYZCStoreTableViewController.m in Sources */ = {isa = PBXBuildFile; fileRef = 86F8E65C1988EF7A0082C16D /* XYZCStoreTableViewController.m */; };
/* End PBXBuildFile section */

/* Begin PBXContainerItemProxy section */
		863D88A019883CC900AE66A7 /* PBXContainerItemProxy */ = {
			isa = PBXContainerItemProxy;
			containerPortal = 863D886C19883CC900AE66A7 /* Project object */;
			proxyType = 1;
			remoteGlobalIDString = 863D887319883CC900AE66A7;
			remoteInfo = "Cat Food App";
		};
/* End PBXContainerItemProxy section */

/* Begin PBXFileReference section */
		8619D36319C741EF00378416 /* XYZHourLoader.h */ = {isa = PBXFileReference; fileEncoding = 4; lastKnownFileType = sourcecode.c.h; path = XYZHourLoader.h; sourceTree = "<group>"; };
		8619D36419C741EF00378416 /* XYZHourLoader.m */ = {isa = PBXFileReference; fileEncoding = 4; lastKnownFileType = sourcecode.c.objc; path = XYZHourLoader.m; sourceTree = "<group>"; };
		8619D36819C7448C00378416 /* HoursArray */ = {isa = PBXFileReference; fileEncoding = 4; lastKnownFileType = text; path = HoursArray; sourceTree = "<group>"; };
		863D887419883CC900AE66A7 /* Cat Food.app */ = {isa = PBXFileReference; explicitFileType = wrapper.application; includeInIndex = 0; path = "Cat Food.app"; sourceTree = BUILT_PRODUCTS_DIR; };
		863D887719883CC900AE66A7 /* Foundation.framework */ = {isa = PBXFileReference; lastKnownFileType = wrapper.framework; name = Foundation.framework; path = System/Library/Frameworks/Foundation.framework; sourceTree = SDKROOT; };
		863D887919883CC900AE66A7 /* CoreGraphics.framework */ = {isa = PBXFileReference; lastKnownFileType = wrapper.framework; name = CoreGraphics.framework; path = System/Library/Frameworks/CoreGraphics.framework; sourceTree = SDKROOT; };
		863D887B19883CC900AE66A7 /* UIKit.framework */ = {isa = PBXFileReference; lastKnownFileType = wrapper.framework; name = UIKit.framework; path = System/Library/Frameworks/UIKit.framework; sourceTree = SDKROOT; };
		863D888119883CC900AE66A7 /* en */ = {isa = PBXFileReference; lastKnownFileType = text.plist.strings; name = en; path = en.lproj/InfoPlist.strings; sourceTree = "<group>"; };
		863D888319883CC900AE66A7 /* main.m */ = {isa = PBXFileReference; lastKnownFileType = sourcecode.c.objc; path = main.m; sourceTree = "<group>"; };
		863D888519883CC900AE66A7 /* Cat Food-Prefix.pch */ = {isa = PBXFileReference; lastKnownFileType = sourcecode.c.h; path = "Cat Food-Prefix.pch"; sourceTree = "<group>"; };
		863D888619883CC900AE66A7 /* XYZAppDelegate.h */ = {isa = PBXFileReference; lastKnownFileType = sourcecode.c.h; path = XYZAppDelegate.h; sourceTree = "<group>"; };
		863D888719883CC900AE66A7 /* XYZAppDelegate.m */ = {isa = PBXFileReference; lastKnownFileType = sourcecode.c.objc; path = XYZAppDelegate.m; sourceTree = "<group>"; };
		863D888A19883CC900AE66A7 /* Base */ = {isa = PBXFileReference; lastKnownFileType = file.storyboard; name = Base; path = Base.lproj/Main_iPhone.storyboard; sourceTree = "<group>"; };
		863D889519883CC900AE66A7 /* Images.xcassets */ = {isa = PBXFileReference; lastKnownFileType = folder.assetcatalog; path = Images.xcassets; sourceTree = "<group>"; };
		863D889B19883CC900AE66A7 /* Cat FoodTests.xctest */ = {isa = PBXFileReference; explicitFileType = wrapper.cfbundle; includeInIndex = 0; path = "Cat FoodTests.xctest"; sourceTree = BUILT_PRODUCTS_DIR; };
		863D889C19883CC900AE66A7 /* XCTest.framework */ = {isa = PBXFileReference; lastKnownFileType = wrapper.framework; name = XCTest.framework; path = Library/Frameworks/XCTest.framework; sourceTree = DEVELOPER_DIR; };
		863D88A419883CC900AE66A7 /* Cat FoodTests-Info.plist */ = {isa = PBXFileReference; lastKnownFileType = text.plist.xml; path = "Cat FoodTests-Info.plist"; sourceTree = "<group>"; };
		863D88A619883CC900AE66A7 /* en */ = {isa = PBXFileReference; lastKnownFileType = text.plist.strings; name = en; path = en.lproj/InfoPlist.strings; sourceTree = "<group>"; };
		863D88A819883CC900AE66A7 /* Cat_Food_AppTests.m */ = {isa = PBXFileReference; lastKnownFileType = sourcecode.c.objc; path = Cat_Food_AppTests.m; sourceTree = "<group>"; };
		863D88B219883CF000AE66A7 /* XYZDiningHallTableViewController.h */ = {isa = PBXFileReference; fileEncoding = 4; lastKnownFileType = sourcecode.c.h; path = XYZDiningHallTableViewController.h; sourceTree = "<group>"; };
		863D88B319883CF000AE66A7 /* XYZDiningHallTableViewController.m */ = {isa = PBXFileReference; fileEncoding = 4; lastKnownFileType = sourcecode.c.objc; path = XYZDiningHallTableViewController.m; sourceTree = "<group>"; };
		863D88B81988428B00AE66A7 /* XYZDiningHall.h */ = {isa = PBXFileReference; fileEncoding = 4; lastKnownFileType = sourcecode.c.h; name = XYZDiningHall.h; path = ../XYZDiningHall.h; sourceTree = "<group>"; };
		863D88B91988428B00AE66A7 /* XYZDiningHall.m */ = {isa = PBXFileReference; fileEncoding = 4; lastKnownFileType = sourcecode.c.objc; name = XYZDiningHall.m; path = ../XYZDiningHall.m; sourceTree = "<group>"; };
		86856F3A198C827D00DEF277 /* XYZNorrisTableViewController.h */ = {isa = PBXFileReference; fileEncoding = 4; lastKnownFileType = sourcecode.c.h; path = XYZNorrisTableViewController.h; sourceTree = "<group>"; };
		86856F3B198C827D00DEF277 /* XYZNorrisTableViewController.m */ = {isa = PBXFileReference; fileEncoding = 4; lastKnownFileType = sourcecode.c.objc; path = XYZNorrisTableViewController.m; sourceTree = "<group>"; };
		86B66AE119BB6FEC00977EFC /* Main_iPad.storyboard */ = {isa = PBXFileReference; fileEncoding = 4; lastKnownFileType = file.storyboard; path = Main_iPad.storyboard; sourceTree = "<group>"; };
		86B66AE819BB7DFC00977EFC /* iOS Simulator Screen shot Sep 6, 2014, 1.18.02 PM.png */ = {isa = PBXFileReference; lastKnownFileType = image.png; path = "iOS Simulator Screen shot Sep 6, 2014, 1.18.02 PM.png"; sourceTree = "<group>"; };
		86B66AE919BB7DFC00977EFC /* iOS Simulator Screen shot Sep 6, 2014, 1.35.55 PM.png */ = {isa = PBXFileReference; lastKnownFileType = image.png; path = "iOS Simulator Screen shot Sep 6, 2014, 1.35.55 PM.png"; sourceTree = "<group>"; };
		86C64C41198F0FBB002DC4A7 /* AudioToolbox.framework */ = {isa = PBXFileReference; lastKnownFileType = wrapper.framework; name = AudioToolbox.framework; path = System/Library/Frameworks/AudioToolbox.framework; sourceTree = SDKROOT; };
		86C64C43198F0FC2002DC4A7 /* CFNetwork.framework */ = {isa = PBXFileReference; lastKnownFileType = wrapper.framework; name = CFNetwork.framework; path = System/Library/Frameworks/CFNetwork.framework; sourceTree = SDKROOT; };
		86C64C45198F0FCE002DC4A7 /* CoreLocation.framework */ = {isa = PBXFileReference; lastKnownFileType = wrapper.framework; name = CoreLocation.framework; path = System/Library/Frameworks/CoreLocation.framework; sourceTree = SDKROOT; };
		86C64C47198F0FD9002DC4A7 /* libz.dylib */ = {isa = PBXFileReference; lastKnownFileType = "compiled.mach-o.dylib"; name = libz.dylib; path = usr/lib/libz.dylib; sourceTree = SDKROOT; };
		86C64C49198F0FDE002DC4A7 /* QuartzCore.framework */ = {isa = PBXFileReference; lastKnownFileType = wrapper.framework; name = QuartzCore.framework; path = System/Library/Frameworks/QuartzCore.framework; sourceTree = SDKROOT; };
		86C64C4B198F0FE5002DC4A7 /* Security.framework */ = {isa = PBXFileReference; lastKnownFileType = wrapper.framework; name = Security.framework; path = System/Library/Frameworks/Security.framework; sourceTree = SDKROOT; };
		86C64C4D198F0FED002DC4A7 /* StoreKit.framework */ = {isa = PBXFileReference; lastKnownFileType = wrapper.framework; name = StoreKit.framework; path = System/Library/Frameworks/StoreKit.framework; sourceTree = SDKROOT; };
		86C64C4F198F0FF6002DC4A7 /* SystemConfiguration.framework */ = {isa = PBXFileReference; lastKnownFileType = wrapper.framework; name = SystemConfiguration.framework; path = System/Library/Frameworks/SystemConfiguration.framework; sourceTree = SDKROOT; };
		86C7445E198D80CB000C69DA /* XYZCafesTableViewController.h */ = {isa = PBXFileReference; fileEncoding = 4; lastKnownFileType = sourcecode.c.h; path = XYZCafesTableViewController.h; sourceTree = "<group>"; };
		86C7445F198D80CB000C69DA /* XYZCafesTableViewController.m */ = {isa = PBXFileReference; fileEncoding = 4; lastKnownFileType = sourcecode.c.objc; path = XYZCafesTableViewController.m; sourceTree = "<group>"; };
		86D3159719A131F900FB993A /* Cat Food-Info.plist */ = {isa = PBXFileReference; fileEncoding = 4; lastKnownFileType = text.plist.xml; path = "Cat Food-Info.plist"; sourceTree = "<group>"; };
		86DDEFE4198C4A5600445725 /* XYZTimeUtilities.h */ = {isa = PBXFileReference; fileEncoding = 4; lastKnownFileType = sourcecode.c.h; path = XYZTimeUtilities.h; sourceTree = "<group>"; };
		86DDEFE5198C4A5600445725 /* XYZTimeUtilities.m */ = {isa = PBXFileReference; fileEncoding = 4; lastKnownFileType = sourcecode.c.objc; path = XYZTimeUtilities.m; sourceTree = "<group>"; };
		86F8E65B1988EF7A0082C16D /* XYZCStoreTableViewController.h */ = {isa = PBXFileReference; fileEncoding = 4; lastKnownFileType = sourcecode.c.h; name = XYZCStoreTableViewController.h; path = ../XYZCStoreTableViewController.h; sourceTree = "<group>"; };
		86F8E65C1988EF7A0082C16D /* XYZCStoreTableViewController.m */ = {isa = PBXFileReference; fileEncoding = 4; lastKnownFileType = sourcecode.c.objc; name = XYZCStoreTableViewController.m; path = ../XYZCStoreTableViewController.m; sourceTree = "<group>"; };
/* End PBXFileReference section */

/* Begin PBXFrameworksBuildPhase section */
		863D887119883CC900AE66A7 /* Frameworks */ = {
			isa = PBXFrameworksBuildPhase;
			buildActionMask = 2147483647;
			files = (
				863D887C19883CC900AE66A7 /* UIKit.framework in Frameworks */,
				863D887819883CC900AE66A7 /* Foundation.framework in Frameworks */,
			);
			runOnlyForDeploymentPostprocessing = 0;
		};
		863D889819883CC900AE66A7 /* Frameworks */ = {
			isa = PBXFrameworksBuildPhase;
			buildActionMask = 2147483647;
			files = (
				863D889D19883CC900AE66A7 /* XCTest.framework in Frameworks */,
				863D889F19883CC900AE66A7 /* UIKit.framework in Frameworks */,
				863D889E19883CC900AE66A7 /* Foundation.framework in Frameworks */,
			);
			runOnlyForDeploymentPostprocessing = 0;
		};
/* End PBXFrameworksBuildPhase section */

/* Begin PBXGroup section */
		863D886B19883CC900AE66A7 = {
			isa = PBXGroup;
			children = (
				8619D36819C7448C00378416 /* HoursArray */,
				86B66AE819BB7DFC00977EFC /* iOS Simulator Screen shot Sep 6, 2014, 1.18.02 PM.png */,
				86B66AE919BB7DFC00977EFC /* iOS Simulator Screen shot Sep 6, 2014, 1.35.55 PM.png */,
				86B66AE119BB6FEC00977EFC /* Main_iPad.storyboard */,
				86856F3A198C827D00DEF277 /* XYZNorrisTableViewController.h */,
				86856F3B198C827D00DEF277 /* XYZNorrisTableViewController.m */,
				863D887D19883CC900AE66A7 /* Cat Food App */,
				863D88A219883CC900AE66A7 /* Cat Food AppTests */,
				863D887619883CC900AE66A7 /* Frameworks */,
				863D887519883CC900AE66A7 /* Products */,
			);
			sourceTree = "<group>";
		};
		863D887519883CC900AE66A7 /* Products */ = {
			isa = PBXGroup;
			children = (
				863D887419883CC900AE66A7 /* Cat Food.app */,
				863D889B19883CC900AE66A7 /* Cat FoodTests.xctest */,
			);
			name = Products;
			sourceTree = "<group>";
		};
		863D887619883CC900AE66A7 /* Frameworks */ = {
			isa = PBXGroup;
			children = (
				86C64C4F198F0FF6002DC4A7 /* SystemConfiguration.framework */,
				86C64C4D198F0FED002DC4A7 /* StoreKit.framework */,
				86C64C4B198F0FE5002DC4A7 /* Security.framework */,
				86C64C49198F0FDE002DC4A7 /* QuartzCore.framework */,
				86C64C47198F0FD9002DC4A7 /* libz.dylib */,
				86C64C45198F0FCE002DC4A7 /* CoreLocation.framework */,
				86C64C43198F0FC2002DC4A7 /* CFNetwork.framework */,
				86C64C41198F0FBB002DC4A7 /* AudioToolbox.framework */,
				863D887719883CC900AE66A7 /* Foundation.framework */,
				863D887919883CC900AE66A7 /* CoreGraphics.framework */,
				863D887B19883CC900AE66A7 /* UIKit.framework */,
				863D889C19883CC900AE66A7 /* XCTest.framework */,
			);
			name = Frameworks;
			sourceTree = "<group>";
		};
		863D887D19883CC900AE66A7 /* Cat Food App */ = {
			isa = PBXGroup;
			children = (
				86F8E65B1988EF7A0082C16D /* XYZCStoreTableViewController.h */,
				86F8E65C1988EF7A0082C16D /* XYZCStoreTableViewController.m */,
				863D88B81988428B00AE66A7 /* XYZDiningHall.h */,
				863D88B91988428B00AE66A7 /* XYZDiningHall.m */,
				8619D36319C741EF00378416 /* XYZHourLoader.h */,
				8619D36419C741EF00378416 /* XYZHourLoader.m */,
				86DDEFE4198C4A5600445725 /* XYZTimeUtilities.h */,
				86DDEFE5198C4A5600445725 /* XYZTimeUtilities.m */,
				863D888619883CC900AE66A7 /* XYZAppDelegate.h */,
				863D888719883CC900AE66A7 /* XYZAppDelegate.m */,
				863D888919883CC900AE66A7 /* Main_iPhone.storyboard */,
				86C7445E198D80CB000C69DA /* XYZCafesTableViewController.h */,
				86C7445F198D80CB000C69DA /* XYZCafesTableViewController.m */,
				863D88B219883CF000AE66A7 /* XYZDiningHallTableViewController.h */,
				863D88B319883CF000AE66A7 /* XYZDiningHallTableViewController.m */,
				863D889519883CC900AE66A7 /* Images.xcassets */,
				863D887E19883CC900AE66A7 /* Supporting Files */,
			);
			path = "Cat Food App";
			sourceTree = "<group>";
		};
		863D887E19883CC900AE66A7 /* Supporting Files */ = {
			isa = PBXGroup;
			children = (
				86D3159719A131F900FB993A /* Cat Food-Info.plist */,
				863D888019883CC900AE66A7 /* InfoPlist.strings */,
				863D888319883CC900AE66A7 /* main.m */,
				863D888519883CC900AE66A7 /* Cat Food-Prefix.pch */,
			);
			name = "Supporting Files";
			sourceTree = "<group>";
		};
		863D88A219883CC900AE66A7 /* Cat Food AppTests */ = {
			isa = PBXGroup;
			children = (
				863D88A819883CC900AE66A7 /* Cat_Food_AppTests.m */,
				863D88A319883CC900AE66A7 /* Supporting Files */,
			);
			path = "Cat Food AppTests";
			sourceTree = "<group>";
		};
		863D88A319883CC900AE66A7 /* Supporting Files */ = {
			isa = PBXGroup;
			children = (
				863D88A419883CC900AE66A7 /* Cat FoodTests-Info.plist */,
				863D88A519883CC900AE66A7 /* InfoPlist.strings */,
			);
			name = "Supporting Files";
			sourceTree = "<group>";
		};
/* End PBXGroup section */

/* Begin PBXNativeTarget section */
		863D887319883CC900AE66A7 /* Cat Food */ = {
			isa = PBXNativeTarget;
			buildConfigurationList = 863D88AC19883CC900AE66A7 /* Build configuration list for PBXNativeTarget "Cat Food" */;
			buildPhases = (
				863D887019883CC900AE66A7 /* Sources */,
				863D887119883CC900AE66A7 /* Frameworks */,
				863D887219883CC900AE66A7 /* Resources */,
			);
			buildRules = (
			);
			dependencies = (
			);
			name = "Cat Food";
			productName = "Cat Food App";
			productReference = 863D887419883CC900AE66A7 /* Cat Food.app */;
			productType = "com.apple.product-type.application";
		};
		863D889A19883CC900AE66A7 /* Cat FoodTests */ = {
			isa = PBXNativeTarget;
			buildConfigurationList = 863D88AF19883CC900AE66A7 /* Build configuration list for PBXNativeTarget "Cat FoodTests" */;
			buildPhases = (
				863D889719883CC900AE66A7 /* Sources */,
				863D889819883CC900AE66A7 /* Frameworks */,
				863D889919883CC900AE66A7 /* Resources */,
			);
			buildRules = (
			);
			dependencies = (
				863D88A119883CC900AE66A7 /* PBXTargetDependency */,
			);
			name = "Cat FoodTests";
			productName = "Cat Food AppTests";
			productReference = 863D889B19883CC900AE66A7 /* Cat FoodTests.xctest */;
			productType = "com.apple.product-type.bundle.unit-test";
		};
/* End PBXNativeTarget section */

/* Begin PBXProject section */
		863D886C19883CC900AE66A7 /* Project object */ = {
			isa = PBXProject;
			attributes = {
				CLASSPREFIX = XYZ;
				LastUpgradeCheck = 0510;
				ORGANIZATIONNAME = "Andy Bayer";
				TargetAttributes = {
					863D887319883CC900AE66A7 = {
						DevelopmentTeam = 23U6U945X5;
					};
					863D889A19883CC900AE66A7 = {
						TestTargetID = 863D887319883CC900AE66A7;
					};
				};
			};
			buildConfigurationList = 863D886F19883CC900AE66A7 /* Build configuration list for PBXProject "Cat Food" */;
			compatibilityVersion = "Xcode 3.2";
			developmentRegion = English;
			hasScannedForEncodings = 0;
			knownRegions = (
				en,
				Base,
			);
			mainGroup = 863D886B19883CC900AE66A7;
			productRefGroup = 863D887519883CC900AE66A7 /* Products */;
			projectDirPath = "";
			projectRoot = "";
			targets = (
				863D887319883CC900AE66A7 /* Cat Food */,
				863D889A19883CC900AE66A7 /* Cat FoodTests */,
			);
		};
/* End PBXProject section */

/* Begin PBXResourcesBuildPhase section */
		863D887219883CC900AE66A7 /* Resources */ = {
			isa = PBXResourcesBuildPhase;
			buildActionMask = 2147483647;
			files = (
				863D889619883CC900AE66A7 /* Images.xcassets in Resources */,
				86B66AE219BB6FEC00977EFC /* Main_iPad.storyboard in Resources */,
				8619D36919C7448C00378416 /* HoursArray in Resources */,
				86B66AEA19BB7DFC00977EFC /* iOS Simulator Screen shot Sep 6, 2014, 1.18.02 PM.png in Resources */,
				863D888B19883CC900AE66A7 /* Main_iPhone.storyboard in Resources */,
				86B66AEB19BB7DFC00977EFC /* iOS Simulator Screen shot Sep 6, 2014, 1.35.55 PM.png in Resources */,
				863D888219883CC900AE66A7 /* InfoPlist.strings in Resources */,
			);
			runOnlyForDeploymentPostprocessing = 0;
		};
		863D889919883CC900AE66A7 /* Resources */ = {
			isa = PBXResourcesBuildPhase;
			buildActionMask = 2147483647;
			files = (
				863D88A719883CC900AE66A7 /* InfoPlist.strings in Resources */,
			);
			runOnlyForDeploymentPostprocessing = 0;
		};
/* End PBXResourcesBuildPhase section */

/* Begin PBXSourcesBuildPhase section */
		863D887019883CC900AE66A7 /* Sources */ = {
			isa = PBXSourcesBuildPhase;
			buildActionMask = 2147483647;
			files = (
				86DDEFE6198C4A5600445725 /* XYZTimeUtilities.m in Sources */,
				863D88BA1988428B00AE66A7 /* XYZDiningHall.m in Sources */,
				8619D36519C741EF00378416 /* XYZHourLoader.m in Sources */,
				86856F3C198C827D00DEF277 /* XYZNorrisTableViewController.m in Sources */,
				863D88B419883CF000AE66A7 /* XYZDiningHallTableViewController.m in Sources */,
				86C74460198D80CB000C69DA /* XYZCafesTableViewController.m in Sources */,
				863D888819883CC900AE66A7 /* XYZAppDelegate.m in Sources */,
				86F8E65D1988EF7A0082C16D /* XYZCStoreTableViewController.m in Sources */,
				863D888419883CC900AE66A7 /* main.m in Sources */,
			);
			runOnlyForDeploymentPostprocessing = 0;
		};
		863D889719883CC900AE66A7 /* Sources */ = {
			isa = PBXSourcesBuildPhase;
			buildActionMask = 2147483647;
			files = (
				863D88A919883CC900AE66A7 /* Cat_Food_AppTests.m in Sources */,
			);
			runOnlyForDeploymentPostprocessing = 0;
		};
/* End PBXSourcesBuildPhase section */

/* Begin PBXTargetDependency section */
		863D88A119883CC900AE66A7 /* PBXTargetDependency */ = {
			isa = PBXTargetDependency;
			target = 863D887319883CC900AE66A7 /* Cat Food */;
			targetProxy = 863D88A019883CC900AE66A7 /* PBXContainerItemProxy */;
		};
/* End PBXTargetDependency section */

/* Begin PBXVariantGroup section */
		863D888019883CC900AE66A7 /* InfoPlist.strings */ = {
			isa = PBXVariantGroup;
			children = (
				863D888119883CC900AE66A7 /* en */,
			);
			name = InfoPlist.strings;
			sourceTree = "<group>";
		};
		863D888919883CC900AE66A7 /* Main_iPhone.storyboard */ = {
			isa = PBXVariantGroup;
			children = (
				863D888A19883CC900AE66A7 /* Base */,
			);
			name = Main_iPhone.storyboard;
			sourceTree = "<group>";
		};
		863D88A519883CC900AE66A7 /* InfoPlist.strings */ = {
			isa = PBXVariantGroup;
			children = (
				863D88A619883CC900AE66A7 /* en */,
			);
			name = InfoPlist.strings;
			sourceTree = "<group>";
		};
/* End PBXVariantGroup section */

/* Begin XCBuildConfiguration section */
		863D88AA19883CC900AE66A7 /* Debug */ = {
			isa = XCBuildConfiguration;
			buildSettings = {
				ALWAYS_SEARCH_USER_PATHS = NO;
				CLANG_CXX_LANGUAGE_STANDARD = "gnu++0x";
				CLANG_CXX_LIBRARY = "libc++";
				CLANG_ENABLE_MODULES = YES;
				CLANG_ENABLE_OBJC_ARC = YES;
				CLANG_WARN_BOOL_CONVERSION = YES;
				CLANG_WARN_CONSTANT_CONVERSION = YES;
				CLANG_WARN_DIRECT_OBJC_ISA_USAGE = YES_ERROR;
				CLANG_WARN_EMPTY_BODY = YES;
				CLANG_WARN_ENUM_CONVERSION = YES;
				CLANG_WARN_INT_CONVERSION = YES;
				CLANG_WARN_OBJC_ROOT_CLASS = YES_ERROR;
				CLANG_WARN__DUPLICATE_METHOD_MATCH = YES;
				CODE_SIGN_IDENTITY = "iPhone Distribution: Andy Bayer (23U6U945X5)";
				"CODE_SIGN_IDENTITY[sdk=iphoneos*]" = "iPhone Distribution: Andy Bayer (23U6U945X5)";
				COPY_PHASE_STRIP = YES;
				GCC_C_LANGUAGE_STANDARD = gnu99;
				GCC_DYNAMIC_NO_PIC = NO;
				GCC_OPTIMIZATION_LEVEL = 0;
				GCC_PREPROCESSOR_DEFINITIONS = (
					"DEBUG=1",
					"$(inherited)",
				);
				GCC_SYMBOLS_PRIVATE_EXTERN = NO;
				GCC_WARN_64_TO_32_BIT_CONVERSION = YES;
				GCC_WARN_ABOUT_RETURN_TYPE = YES_ERROR;
				GCC_WARN_UNDECLARED_SELECTOR = YES;
				GCC_WARN_UNINITIALIZED_AUTOS = YES_AGGRESSIVE;
				GCC_WARN_UNUSED_FUNCTION = YES;
				GCC_WARN_UNUSED_VARIABLE = YES;
				IPHONEOS_DEPLOYMENT_TARGET = 7.1;
				ONLY_ACTIVE_ARCH = YES;
				SDKROOT = iphoneos;
				TARGETED_DEVICE_FAMILY = "1,2";
			};
			name = Debug;
		};
		863D88AB19883CC900AE66A7 /* Release */ = {
			isa = XCBuildConfiguration;
			buildSettings = {
				ALWAYS_SEARCH_USER_PATHS = NO;
				CLANG_CXX_LANGUAGE_STANDARD = "gnu++0x";
				CLANG_CXX_LIBRARY = "libc++";
				CLANG_ENABLE_MODULES = YES;
				CLANG_ENABLE_OBJC_ARC = YES;
				CLANG_WARN_BOOL_CONVERSION = YES;
				CLANG_WARN_CONSTANT_CONVERSION = YES;
				CLANG_WARN_DIRECT_OBJC_ISA_USAGE = YES_ERROR;
				CLANG_WARN_EMPTY_BODY = YES;
				CLANG_WARN_ENUM_CONVERSION = YES;
				CLANG_WARN_INT_CONVERSION = YES;
				CLANG_WARN_OBJC_ROOT_CLASS = YES_ERROR;
				CLANG_WARN__DUPLICATE_METHOD_MATCH = YES;
				CODE_SIGN_IDENTITY = "iPhone Distribution: Andy Bayer (23U6U945X5)";
				"CODE_SIGN_IDENTITY[sdk=iphoneos*]" = "iPhone Distribution: Andy Bayer (23U6U945X5)";
				COPY_PHASE_STRIP = YES;
				ENABLE_NS_ASSERTIONS = NO;
				GCC_C_LANGUAGE_STANDARD = gnu99;
				GCC_WARN_64_TO_32_BIT_CONVERSION = YES;
				GCC_WARN_ABOUT_RETURN_TYPE = YES_ERROR;
				GCC_WARN_UNDECLARED_SELECTOR = YES;
				GCC_WARN_UNINITIALIZED_AUTOS = YES_AGGRESSIVE;
				GCC_WARN_UNUSED_FUNCTION = YES;
				GCC_WARN_UNUSED_VARIABLE = YES;
				IPHONEOS_DEPLOYMENT_TARGET = 7.1;
				SDKROOT = iphoneos;
				TARGETED_DEVICE_FAMILY = "1,2";
				VALIDATE_PRODUCT = YES;
			};
			name = Release;
		};
		863D88AD19883CC900AE66A7 /* Debug */ = {
			isa = XCBuildConfiguration;
			buildSettings = {
				ASSETCATALOG_COMPILER_APPICON_NAME = AppIcon;
				ASSETCATALOG_COMPILER_LAUNCHIMAGE_NAME = LaunchImage;
				CODE_SIGN_IDENTITY = "iPhone Distribution: Andy Bayer (23U6U945X5)";
				"CODE_SIGN_IDENTITY[sdk=iphoneos*]" = "iPhone Distribution: Andy Bayer (23U6U945X5)";
				FRAMEWORK_SEARCH_PATHS = (
					"$(inherited)",
					"$(PROJECT_DIR)",
				);
				GCC_PRECOMPILE_PREFIX_HEADER = YES;
				GCC_PREFIX_HEADER = "Cat Food App/Cat Food-Prefix.pch";
				INFOPLIST_FILE = "Cat Food App/Cat Food-Info.plist";
				PRODUCT_NAME = "Cat Food";
				PROVISIONING_PROFILE = "08683282-f197-4336-b4c1-6d0c85300301";
				TARGETED_DEVICE_FAMILY = "1,2";
				WRAPPER_EXTENSION = app;
			};
			name = Debug;
		};
		863D88AE19883CC900AE66A7 /* Release */ = {
			isa = XCBuildConfiguration;
			buildSettings = {
				ASSETCATALOG_COMPILER_APPICON_NAME = AppIcon;
				ASSETCATALOG_COMPILER_LAUNCHIMAGE_NAME = LaunchImage;
				CODE_SIGN_IDENTITY = "iPhone Distribution: Andy Bayer (23U6U945X5)";
				"CODE_SIGN_IDENTITY[sdk=iphoneos*]" = "iPhone Distribution: Andy Bayer (23U6U945X5)";
				FRAMEWORK_SEARCH_PATHS = (
					"$(inherited)",
					"$(PROJECT_DIR)",
				);
				GCC_PRECOMPILE_PREFIX_HEADER = YES;
				GCC_PREFIX_HEADER = "Cat Food App/Cat Food-Prefix.pch";
				INFOPLIST_FILE = "Cat Food App/Cat Food-Info.plist";
				PRODUCT_NAME = "Cat Food";
				PROVISIONING_PROFILE = "08683282-f197-4336-b4c1-6d0c85300301";
				TARGETED_DEVICE_FAMILY = "1,2";
				WRAPPER_EXTENSION = app;
			};
			name = Release;
		};
		863D88B019883CC900AE66A7 /* Debug */ = {
			isa = XCBuildConfiguration;
			buildSettings = {
				BUNDLE_LOADER = "$(BUILT_PRODUCTS_DIR)/Cat Food App.app/Cat Food App";
				FRAMEWORK_SEARCH_PATHS = (
					"$(SDKROOT)/Developer/Library/Frameworks",
					"$(inherited)",
					"$(DEVELOPER_FRAMEWORKS_DIR)",
				);
				GCC_PRECOMPILE_PREFIX_HEADER = YES;
				GCC_PREFIX_HEADER = "Cat Food App/Cat Food App-Prefix.pch";
				GCC_PREPROCESSOR_DEFINITIONS = (
					"DEBUG=1",
					"$(inherited)",
				);
				INFOPLIST_FILE = "Cat Food AppTests/Cat FoodTests-Info.plist";
				PRODUCT_NAME = "Cat FoodTests";
				TEST_HOST = "$(BUNDLE_LOADER)";
				WRAPPER_EXTENSION = xctest;
			};
			name = Debug;
		};
		863D88B119883CC900AE66A7 /* Release */ = {
			isa = XCBuildConfiguration;
			buildSettings = {
				BUNDLE_LOADER = "$(BUILT_PRODUCTS_DIR)/Cat Food App.app/Cat Food App";
				FRAMEWORK_SEARCH_PATHS = (
					"$(SDKROOT)/Developer/Library/Frameworks",
					"$(inherited)",
					"$(DEVELOPER_FRAMEWORKS_DIR)",
				);
				GCC_PRECOMPILE_PREFIX_HEADER = YES;
				GCC_PREFIX_HEADER = "Cat Food App/Cat Food App-Prefix.pch";
				INFOPLIST_FILE = "Cat Food AppTests/Cat FoodTests-Info.plist";
				PRODUCT_NAME = "Cat FoodTests";
				TEST_HOST = "$(BUNDLE_LOADER)";
				WRAPPER_EXTENSION = xctest;
			};
			name = Release;
		};
/* End XCBuildConfiguration section */

/* Begin XCConfigurationList section */
		863D886F19883CC900AE66A7 /* Build configuration list for PBXProject "Cat Food" */ = {
			isa = XCConfigurationList;
			buildConfigurations = (
				863D88AA19883CC900AE66A7 /* Debug */,
				863D88AB19883CC900AE66A7 /* Release */,
			);
			defaultConfigurationIsVisible = 0;
			defaultConfigurationName = Release;
		};
		863D88AC19883CC900AE66A7 /* Build configuration list for PBXNativeTarget "Cat Food" */ = {
			isa = XCConfigurationList;
			buildConfigurations = (
				863D88AD19883CC900AE66A7 /* Debug */,
				863D88AE19883CC900AE66A7 /* Release */,
			);
			defaultConfigurationIsVisible = 0;
			defaultConfigurationName = Release;
		};
		863D88AF19883CC900AE66A7 /* Build configuration list for PBXNativeTarget "Cat FoodTests" */ = {
			isa = XCConfigurationList;
			buildConfigurations = (
				863D88B019883CC900AE66A7 /* Debug */,
				863D88B119883CC900AE66A7 /* Release */,
			);
			defaultConfigurationIsVisible = 0;
			defaultConfigurationName = Release;
		};
/* End XCConfigurationList section */
	};
	rootObject = 863D886C19883CC900AE66A7 /* Project object */;
}
